Microsoft Visual Studio Solution File, Format Version 11.00
# Visual Studio 2008

Project("{E1C43106-3961-2357-1F64-D68538726784}") = "movement test", "Assembly-CSharp.csproj", "{87367C57-4B72-144F-7CA1-905C1B44DBE2}"
EndProject
Global
	GlobalSection(SolutionConfigurationPlatforms) = preSolution
		Debug|Any CPU = Debug|Any CPU
		Release|Any CPU = Release|Any CPU
	EndGlobalSection
	GlobalSection(ProjectConfigurationPlatforms) = postSolution
		{87367C57-4B72-144F-7CA1-905C1B44DBE2}.Debug|Any CPU.ActiveCfg = Debug|Any CPU
		{87367C57-4B72-144F-7CA1-905C1B44DBE2}.Debug|Any CPU.Build.0 = Debug|Any CPU
		{87367C57-4B72-144F-7CA1-905C1B44DBE2}.Release|Any CPU.ActiveCfg = Release|Any CPU
		{87367C57-4B72-144F-7CA1-905C1B44DBE2}.Release|Any CPU.Build.0 = Release|Any CPU
	EndGlobalSection
	GlobalSection(SolutionProperties) = preSolution
		HideSolutionNode = FALSE
	EndGlobalSection
	GlobalSection(MonoDevelopProperties) = preSolution
		StartupItem = Assembly-CSharp.csproj
	EndGlobalSection
EndGlobal
