Microsoft Visual Studio Solution File, Format Version 11.00
# Visual Studio 2008

Project("{5DCB4F46-66AD-C37B-A38C-9735CCFAF0DB}") = "trukitonbe2d", "Assembly-CSharp.csproj", "{8855C029-0FDF-4698-0CAC-A5A10E050F3B}"
EndProject
Global
	GlobalSection(SolutionConfigurationPlatforms) = preSolution
		Debug|Any CPU = Debug|Any CPU
		Release|Any CPU = Release|Any CPU
	EndGlobalSection
	GlobalSection(ProjectConfigurationPlatforms) = postSolution
		{8855C029-0FDF-4698-0CAC-A5A10E050F3B}.Debug|Any CPU.ActiveCfg = Debug|Any CPU
		{8855C029-0FDF-4698-0CAC-A5A10E050F3B}.Debug|Any CPU.Build.0 = Debug|Any CPU
		{8855C029-0FDF-4698-0CAC-A5A10E050F3B}.Release|Any CPU.ActiveCfg = Release|Any CPU
		{8855C029-0FDF-4698-0CAC-A5A10E050F3B}.Release|Any CPU.Build.0 = Release|Any CPU
	EndGlobalSection
	GlobalSection(SolutionProperties) = preSolution
		HideSolutionNode = FALSE
	EndGlobalSection
	GlobalSection(MonoDevelopProperties) = preSolution
		StartupItem = Assembly-CSharp.csproj
	EndGlobalSection
EndGlobal
